
Microsoft Visual Studio Solution File, Format Version 12.00
# Visual Studio Version 17
VisualStudioVersion = 17.14.36310.24
MinimumVisualStudioVersion = 10.0.40219.1
Project("{FAE04EC0-301F-11D3-BF4B-00C04F79EFBC}") = "CMS.Data", "CMS.Data\CMS.Data.csproj", "{E3485108-2CBC-4142-8069-89BD1C68DA34}"
EndProject
Project("{FAE04EC0-301F-11D3-BF4B-00C04F79EFBC}") = "CMS.Backend", "CMS.Backend\CMS.Backend.csproj", "{803B6DD8-1191-4DED-AF24-414CBC856C61}"
EndProject
Project("{E24C65DC-7377-472B-9ABA-BC803B73C61A}") = "cms.frontend", "cms.frontend\", "{BFC96697-7D92-84DD-AB7A-313652811C56}"
	ProjectSection(WebsiteProperties) = preProject
		TargetFrameworkMoniker = ".NETFramework,Version%3Dv4.8"
		ProjectReferences = "{803b6dd8-1191-4ded-af24-414cbc856c61}|CMS.Backend.dll;{e3485108-2cbc-4142-8069-89bd1c68da34}|CMS.Data.dll;"
		Debug.AspNetCompiler.VirtualPath = "/localhost_55882"
		Debug.AspNetCompiler.PhysicalPath = "cms.frontend\"
		Debug.AspNetCompiler.TargetPath = "PrecompiledWeb\localhost_55882\"
		Debug.AspNetCompiler.Updateable = "true"
		Debug.AspNetCompiler.ForceOverwrite = "true"
		Debug.AspNetCompiler.FixedNames = "false"
		Debug.AspNetCompiler.Debug = "True"
		Release.AspNetCompiler.VirtualPath = "/localhost_55882"
		Release.AspNetCompiler.PhysicalPath = "cms.frontend\"
		Release.AspNetCompiler.TargetPath = "PrecompiledWeb\localhost_55882\"
		Release.AspNetCompiler.Updateable = "true"
		Release.AspNetCompiler.ForceOverwrite = "true"
		Release.AspNetCompiler.FixedNames = "false"
		Release.AspNetCompiler.Debug = "False"
		VWDPort = "55882"
		SlnRelativePath = "cms.frontend\"
	EndProjectSection
EndProject
Global
	GlobalSection(SolutionConfigurationPlatforms) = preSolution
		Debug|Any CPU = Debug|Any CPU
		Release|Any CPU = Release|Any CPU
	EndGlobalSection
	GlobalSection(ProjectConfigurationPlatforms) = postSolution
		{E3485108-2CBC-4142-8069-89BD1C68DA34}.Debug|Any CPU.ActiveCfg = Debug|Any CPU
		{E3485108-2CBC-4142-8069-89BD1C68DA34}.Debug|Any CPU.Build.0 = Debug|Any CPU
		{E3485108-2CBC-4142-8069-89BD1C68DA34}.Release|Any CPU.ActiveCfg = Release|Any CPU
		{E3485108-2CBC-4142-8069-89BD1C68DA34}.Release|Any CPU.Build.0 = Release|Any CPU
		{803B6DD8-1191-4DED-AF24-414CBC856C61}.Debug|Any CPU.ActiveCfg = Debug|Any CPU
		{803B6DD8-1191-4DED-AF24-414CBC856C61}.Debug|Any CPU.Build.0 = Debug|Any CPU
		{803B6DD8-1191-4DED-AF24-414CBC856C61}.Release|Any CPU.ActiveCfg = Release|Any CPU
		{803B6DD8-1191-4DED-AF24-414CBC856C61}.Release|Any CPU.Build.0 = Release|Any CPU
		{BFC96697-7D92-84DD-AB7A-313652811C56}.Debug|Any CPU.ActiveCfg = Debug|Any CPU
		{BFC96697-7D92-84DD-AB7A-313652811C56}.Debug|Any CPU.Build.0 = Debug|Any CPU
		{BFC96697-7D92-84DD-AB7A-313652811C56}.Release|Any CPU.ActiveCfg = Debug|Any CPU
		{BFC96697-7D92-84DD-AB7A-313652811C56}.Release|Any CPU.Build.0 = Debug|Any CPU
	EndGlobalSection
	GlobalSection(SolutionProperties) = preSolution
		HideSolutionNode = FALSE
	EndGlobalSection
	GlobalSection(ExtensibilityGlobals) = postSolution
		SolutionGuid = {3C06DC27-6487-4BEC-AE11-6231A2A4F533}
	EndGlobalSection
EndGlobal
